// !$*UTF8*$!
{
	archiveVersion = 1;
	classes = {
	};
	objectVersion = 46;
	objects = {

/* Begin PBXBuildFile section */
		F94804A11EAC8D5900F24CAB /* CountriesTableViewController.swift in Sources */ = {isa = PBXBuildFile; fileRef = F94804A01EAC8D5900F24CAB /* CountriesTableViewController.swift */; };
		F97B53BA1E363D6600EA0055 /* AppDelegate.swift in Sources */ = {isa = PBXBuildFile; fileRef = F97B53B91E363D6600EA0055 /* AppDelegate.swift */; };
		F97B53BC1E363D6600EA0055 /* MasterViewController.swift in Sources */ = {isa = PBXBuildFile; fileRef = F97B53BB1E363D6600EA0055 /* MasterViewController.swift */; };
		F97B53BE1E363D6600EA0055 /* DetailViewController.swift in Sources */ = {isa = PBXBuildFile; fileRef = F97B53BD1E363D6600EA0055 /* DetailViewController.swift */; };
		F97B53C11E363D6600EA0055 /* Main.storyboard in Resources */ = {isa = PBXBuildFile; fileRef = F97B53BF1E363D6600EA0055 /* Main.storyboard */; };
		F97B53C31E363D6600EA0055 /* Assets.xcassets in Resources */ = {isa = PBXBuildFile; fileRef = F97B53C21E363D6600EA0055 /* Assets.xcassets */; };
		F97B53C61E363D6600EA0055 /* LaunchScreen.storyboard in Resources */ = {isa = PBXBuildFile; fileRef = F97B53C41E363D6600EA0055 /* LaunchScreen.storyboard */; };
		F97B53D11E363D6600EA0055 /* InstamunTests.swift in Sources */ = {isa = PBXBuildFile; fileRef = F97B53D01E363D6600EA0055 /* InstamunTests.swift */; };
		F97B53DC1E363D6600EA0055 /* InstamunUITests.swift in Sources */ = {isa = PBXBuildFile; fileRef = F97B53DB1E363D6600EA0055 /* InstamunUITests.swift */; };
		F9DF733F1EC20731008B1BDC /* TableViewController.swift in Sources */ = {isa = PBXBuildFile; fileRef = F9DF733E1EC20731008B1BDC /* TableViewController.swift */; };
/* End PBXBuildFile section */

/* Begin PBXContainerItemProxy section */
		F97B53CD1E363D6600EA0055 /* PBXContainerItemProxy */ = {
			isa = PBXContainerItemProxy;
			containerPortal = F97B53AE1E363D6500EA0055 /* Project object */;
			proxyType = 1;
			remoteGlobalIDString = F97B53B51E363D6500EA0055;
			remoteInfo = Instamun;
		};
		F97B53D81E363D6600EA0055 /* PBXContainerItemProxy */ = {
			isa = PBXContainerItemProxy;
			containerPortal = F97B53AE1E363D6500EA0055 /* Project object */;
			proxyType = 1;
			remoteGlobalIDString = F97B53B51E363D6500EA0055;
			remoteInfo = Instamun;
		};
/* End PBXContainerItemProxy section */

/* Begin PBXFileReference section */
		F94804A01EAC8D5900F24CAB /* CountriesTableViewController.swift */ = {isa = PBXFileReference; fileEncoding = 4; lastKnownFileType = sourcecode.swift; path = CountriesTableViewController.swift; sourceTree = "<group>"; };
		F97B53B61E363D6500EA0055 /* Instamun.app */ = {isa = PBXFileReference; explicitFileType = wrapper.application; includeInIndex = 0; path = Instamun.app; sourceTree = BUILT_PRODUCTS_DIR; };
		F97B53B91E363D6600EA0055 /* AppDelegate.swift */ = {isa = PBXFileReference; lastKnownFileType = sourcecode.swift; path = AppDelegate.swift; sourceTree = "<group>"; };
		F97B53BB1E363D6600EA0055 /* MasterViewController.swift */ = {isa = PBXFileReference; lastKnownFileType = sourcecode.swift; path = MasterViewController.swift; sourceTree = "<group>"; };
		F97B53BD1E363D6600EA0055 /* DetailViewController.swift */ = {isa = PBXFileReference; lastKnownFileType = sourcecode.swift; path = DetailViewController.swift; sourceTree = "<group>"; };
		F97B53C01E363D6600EA0055 /* Base */ = {isa = PBXFileReference; lastKnownFileType = file.storyboard; name = Base; path = Base.lproj/Main.storyboard; sourceTree = "<group>"; };
		F97B53C21E363D6600EA0055 /* Assets.xcassets */ = {isa = PBXFileReference; lastKnownFileType = folder.assetcatalog; path = Assets.xcassets; sourceTree = "<group>"; };
		F97B53C51E363D6600EA0055 /* Base */ = {isa = PBXFileReference; lastKnownFileType = file.storyboard; name = Base; path = Base.lproj/LaunchScreen.storyboard; sourceTree = "<group>"; };
		F97B53C71E363D6600EA0055 /* Info.plist */ = {isa = PBXFileReference; lastKnownFileType = text.plist.xml; path = Info.plist; sourceTree = "<group>"; };
		F97B53CC1E363D6600EA0055 /* InstamunTests.xctest */ = {isa = PBXFileReference; explicitFileType = wrapper.cfbundle; includeInIndex = 0; path = InstamunTests.xctest; sourceTree = BUILT_PRODUCTS_DIR; };
		F97B53D01E363D6600EA0055 /* InstamunTests.swift */ = {isa = PBXFileReference; lastKnownFileType = sourcecode.swift; path = InstamunTests.swift; sourceTree = "<group>"; };
		F97B53D21E363D6600EA0055 /* Info.plist */ = {isa = PBXFileReference; lastKnownFileType = text.plist.xml; path = Info.plist; sourceTree = "<group>"; };
		F97B53D71E363D6600EA0055 /* InstamunUITests.xctest */ = {isa = PBXFileReference; explicitFileType = wrapper.cfbundle; includeInIndex = 0; path = InstamunUITests.xctest; sourceTree = BUILT_PRODUCTS_DIR; };
		F97B53DB1E363D6600EA0055 /* InstamunUITests.swift */ = {isa = PBXFileReference; lastKnownFileType = sourcecode.swift; path = InstamunUITests.swift; sourceTree = "<group>"; };
		F97B53DD1E363D6600EA0055 /* Info.plist */ = {isa = PBXFileReference; lastKnownFileType = text.plist.xml; path = Info.plist; sourceTree = "<group>"; };
		F9DF733E1EC20731008B1BDC /* TableViewController.swift */ = {isa = PBXFileReference; fileEncoding = 4; lastKnownFileType = sourcecode.swift; path = TableViewController.swift; sourceTree = "<group>"; };
/* End PBXFileReference section */

/* Begin PBXFrameworksBuildPhase section */
		F97B53B31E363D6500EA0055 /* Frameworks */ = {
			isa = PBXFrameworksBuildPhase;
			buildActionMask = 2147483647;
			files = (
			);
			runOnlyForDeploymentPostprocessing = 0;
		};
		F97B53C91E363D6600EA0055 /* Frameworks */ = {
			isa = PBXFrameworksBuildPhase;
			buildActionMask = 2147483647;
			files = (
			);
			runOnlyForDeploymentPostprocessing = 0;
		};
		F97B53D41E363D6600EA0055 /* Frameworks */ = {
			isa = PBXFrameworksBuildPhase;
			buildActionMask = 2147483647;
			files = (
			);
			runOnlyForDeploymentPostprocessing = 0;
		};
/* End PBXFrameworksBuildPhase section */

/* Begin PBXGroup section */
		F97B53AD1E363D6500EA0055 = {
			isa = PBXGroup;
			children = (
				F97B53B81E363D6500EA0055 /* Instamun */,
				F97B53CF1E363D6600EA0055 /* InstamunTests */,
				F97B53DA1E363D6600EA0055 /* InstamunUITests */,
				F97B53B71E363D6500EA0055 /* Products */,
			);
			sourceTree = "<group>";
		};
		F97B53B71E363D6500EA0055 /* Products */ = {
			isa = PBXGroup;
			children = (
				F97B53B61E363D6500EA0055 /* Instamun.app */,
				F97B53CC1E363D6600EA0055 /* InstamunTests.xctest */,
				F97B53D71E363D6600EA0055 /* InstamunUITests.xctest */,
			);
			name = Products;
			sourceTree = "<group>";
		};
		F97B53B81E363D6500EA0055 /* Instamun */ = {
			isa = PBXGroup;
			children = (
				F97B53B91E363D6600EA0055 /* AppDelegate.swift */,
				F97B53BB1E363D6600EA0055 /* MasterViewController.swift */,
				F97B53BD1E363D6600EA0055 /* DetailViewController.swift */,
				F97B53BF1E363D6600EA0055 /* Main.storyboard */,
				F9DF733E1EC20731008B1BDC /* TableViewController.swift */,
				F94804A01EAC8D5900F24CAB /* CountriesTableViewController.swift */,
				F97B53C21E363D6600EA0055 /* Assets.xcassets */,
				F97B53C41E363D6600EA0055 /* LaunchScreen.storyboard */,
				F97B53C71E363D6600EA0055 /* Info.plist */,
			);
			path = Instamun;
			sourceTree = "<group>";
		};
		F97B53CF1E363D6600EA0055 /* InstamunTests */ = {
			isa = PBXGroup;
			children = (
				F97B53D01E363D6600EA0055 /* InstamunTests.swift */,
				F97B53D21E363D6600EA0055 /* Info.plist */,
			);
			path = InstamunTests;
			sourceTree = "<group>";
		};
		F97B53DA1E363D6600EA0055 /* InstamunUITests */ = {
			isa = PBXGroup;
			children = (
				F97B53DB1E363D6600EA0055 /* InstamunUITests.swift */,
				F97B53DD1E363D6600EA0055 /* Info.plist */,
			);
			path = InstamunUITests;
			sourceTree = "<group>";
		};
/* End PBXGroup section */

/* Begin PBXNativeTarget section */
		F97B53B51E363D6500EA0055 /* Instamun */ = {
			isa = PBXNativeTarget;
			buildConfigurationList = F97B53E01E363D6600EA0055 /* Build configuration list for PBXNativeTarget "Instamun" */;
			buildPhases = (
				F97B53B21E363D6500EA0055 /* Sources */,
				F97B53B31E363D6500EA0055 /* Frameworks */,
				F97B53B41E363D6500EA0055 /* Resources */,
			);
			buildRules = (
			);
			dependencies = (
			);
			name = Instamun;
			productName = Instamun;
			productReference = F97B53B61E363D6500EA0055 /* Instamun.app */;
			productType = "com.apple.product-type.application";
		};
		F97B53CB1E363D6600EA0055 /* InstamunTests */ = {
			isa = PBXNativeTarget;
			buildConfigurationList = F97B53E31E363D6600EA0055 /* Build configuration list for PBXNativeTarget "InstamunTests" */;
			buildPhases = (
				F97B53C81E363D6600EA0055 /* Sources */,
				F97B53C91E363D6600EA0055 /* Frameworks */,
				F97B53CA1E363D6600EA0055 /* Resources */,
			);
			buildRules = (
			);
			dependencies = (
				F97B53CE1E363D6600EA0055 /* PBXTargetDependency */,
			);
			name = InstamunTests;
			productName = InstamunTests;
			productReference = F97B53CC1E363D6600EA0055 /* InstamunTests.xctest */;
			productType = "com.apple.product-type.bundle.unit-test";
		};
		F97B53D61E363D6600EA0055 /* InstamunUITests */ = {
			isa = PBXNativeTarget;
			buildConfigurationList = F97B53E61E363D6600EA0055 /* Build configuration list for PBXNativeTarget "InstamunUITests" */;
			buildPhases = (
				F97B53D31E363D6600EA0055 /* Sources */,
				F97B53D41E363D6600EA0055 /* Frameworks */,
				F97B53D51E363D6600EA0055 /* Resources */,
			);
			buildRules = (
			);
			dependencies = (
				F97B53D91E363D6600EA0055 /* PBXTargetDependency */,
			);
			name = InstamunUITests;
			productName = InstamunUITests;
			productReference = F97B53D71E363D6600EA0055 /* InstamunUITests.xctest */;
			productType = "com.apple.product-type.bundle.ui-testing";
		};
/* End PBXNativeTarget section */

/* Begin PBXProject section */
		F97B53AE1E363D6500EA0055 /* Project object */ = {
			isa = PBXProject;
			attributes = {
				LastSwiftUpdateCheck = 0810;
				LastUpgradeCheck = 0810;
				ORGANIZATIONNAME = "Rohit Upadhyaya";
				TargetAttributes = {
					F97B53B51E363D6500EA0055 = {
						CreatedOnToolsVersion = 8.1;
						ProvisioningStyle = Automatic;
					};
					F97B53CB1E363D6600EA0055 = {
						CreatedOnToolsVersion = 8.1;
						ProvisioningStyle = Automatic;
						TestTargetID = F97B53B51E363D6500EA0055;
					};
					F97B53D61E363D6600EA0055 = {
						CreatedOnToolsVersion = 8.1;
						ProvisioningStyle = Automatic;
						TestTargetID = F97B53B51E363D6500EA0055;
					};
				};
			};
			buildConfigurationList = F97B53B11E363D6500EA0055 /* Build configuration list for PBXProject "Instamun" */;
			compatibilityVersion = "Xcode 3.2";
			developmentRegion = English;
			hasScannedForEncodings = 0;
			knownRegions = (
				en,
				Base,
			);
			mainGroup = F97B53AD1E363D6500EA0055;
			productRefGroup = F97B53B71E363D6500EA0055 /* Products */;
			projectDirPath = "";
			projectRoot = "";
			targets = (
				F97B53B51E363D6500EA0055 /* Instamun */,
				F97B53CB1E363D6600EA0055 /* InstamunTests */,
				F97B53D61E363D6600EA0055 /* InstamunUITests */,
			);
		};
/* End PBXProject section */

/* Begin PBXResourcesBuildPhase section */
		F97B53B41E363D6500EA0055 /* Resources */ = {
			isa = PBXResourcesBuildPhase;
			buildActionMask = 2147483647;
			files = (
				F97B53C61E363D6600EA0055 /* LaunchScreen.storyboard in Resources */,
				F97B53C31E363D6600EA0055 /* Assets.xcassets in Resources */,
				F97B53C11E363D6600EA0055 /* Main.storyboard in Resources */,
			);
			runOnlyForDeploymentPostprocessing = 0;
		};
		F97B53CA1E363D6600EA0055 /* Resources */ = {
			isa = PBXResourcesBuildPhase;
			buildActionMask = 2147483647;
			files = (
			);
			runOnlyForDeploymentPostprocessing = 0;
		};
		F97B53D51E363D6600EA0055 /* Resources */ = {
			isa = PBXResourcesBuildPhase;
			buildActionMask = 2147483647;
			files = (
			);
			runOnlyForDeploymentPostprocessing = 0;
		};
/* End PBXResourcesBuildPhase section */

/* Begin PBXSourcesBuildPhase section */
		F97B53B21E363D6500EA0055 /* Sources */ = {
			isa = PBXSourcesBuildPhase;
			buildActionMask = 2147483647;
			files = (
				F94804A11EAC8D5900F24CAB /* CountriesTableViewController.swift in Sources */,
				F97B53BE1E363D6600EA0055 /* DetailViewController.swift in Sources */,
				F97B53BC1E363D6600EA0055 /* MasterViewController.swift in Sources */,
				F9DF733F1EC20731008B1BDC /* TableViewController.swift in Sources */,
				F97B53BA1E363D6600EA0055 /* AppDelegate.swift in Sources */,
			);
			runOnlyForDeploymentPostprocessing = 0;
		};
		F97B53C81E363D6600EA0055 /* Sources */ = {
			isa = PBXSourcesBuildPhase;
			buildActionMask = 2147483647;
			files = (
				F97B53D11E363D6600EA0055 /* InstamunTests.swift in Sources */,
			);
			runOnlyForDeploymentPostprocessing = 0;
		};
		F97B53D31E363D6600EA0055 /* Sources */ = {
			isa = PBXSourcesBuildPhase;
			buildActionMask = 2147483647;
			files = (
				F97B53DC1E363D6600EA0055 /* InstamunUITests.swift in Sources */,
			);
			runOnlyForDeploymentPostprocessing = 0;
		};
/* End PBXSourcesBuildPhase section */

/* Begin PBXTargetDependency section */
		F97B53CE1E363D6600EA0055 /* PBXTargetDependency */ = {
			isa = PBXTargetDependency;
			target = F97B53B51E363D6500EA0055 /* Instamun */;
			targetProxy = F97B53CD1E363D6600EA0055 /* PBXContainerItemProxy */;
		};
		F97B53D91E363D6600EA0055 /* PBXTargetDependency */ = {
			isa = PBXTargetDependency;
			target = F97B53B51E363D6500EA0055 /* Instamun */;
			targetProxy = F97B53D81E363D6600EA0055 /* PBXContainerItemProxy */;
		};
/* End PBXTargetDependency section */

/* Begin PBXVariantGroup section */
		F97B53BF1E363D6600EA0055 /* Main.storyboard */ = {
			isa = PBXVariantGroup;
			children = (
				F97B53C01E363D6600EA0055 /* Base */,
			);
			name = Main.storyboard;
			sourceTree = "<group>";
		};
		F97B53C41E363D6600EA0055 /* LaunchScreen.storyboard */ = {
			isa = PBXVariantGroup;
			children = (
				F97B53C51E363D6600EA0055 /* Base */,
			);
			name = LaunchScreen.storyboard;
			sourceTree = "<group>";
		};
/* End PBXVariantGroup section */

/* Begin XCBuildConfiguration section */
		F97B53DE1E363D6600EA0055 /* Debug */ = {
			isa = XCBuildConfiguration;
			buildSettings = {
				ALWAYS_SEARCH_USER_PATHS = NO;
				CLANG_ANALYZER_NONNULL = YES;
				CLANG_CXX_LANGUAGE_STANDARD = "gnu++0x";
				CLANG_CXX_LIBRARY = "libc++";
				CLANG_ENABLE_MODULES = YES;
				CLANG_ENABLE_OBJC_ARC = YES;
				CLANG_WARN_BOOL_CONVERSION = YES;
				CLANG_WARN_CONSTANT_CONVERSION = YES;
				CLANG_WARN_DIRECT_OBJC_ISA_USAGE = YES_ERROR;
				CLANG_WARN_DOCUMENTATION_COMMENTS = YES;
				CLANG_WARN_EMPTY_BODY = YES;
				CLANG_WARN_ENUM_CONVERSION = YES;
				CLANG_WARN_INFINITE_RECURSION = YES;
				CLANG_WARN_INT_CONVERSION = YES;
				CLANG_WARN_OBJC_ROOT_CLASS = YES_ERROR;
				CLANG_WARN_SUSPICIOUS_MOVES = YES;
				CLANG_WARN_UNREACHABLE_CODE = YES;
				CLANG_WARN__DUPLICATE_METHOD_MATCH = YES;
				"CODE_SIGN_IDENTITY[sdk=iphoneos*]" = "iPhone Developer";
				COPY_PHASE_STRIP = NO;
				DEBUG_INFORMATION_FORMAT = dwarf;
				ENABLE_STRICT_OBJC_MSGSEND = YES;
				ENABLE_TESTABILITY = YES;
				GCC_C_LANGUAGE_STANDARD = gnu99;
				GCC_DYNAMIC_NO_PIC = NO;
				GCC_NO_COMMON_BLOCKS = YES;
				GCC_OPTIMIZATION_LEVEL = 0;
				GCC_PREPROCESSOR_DEFINITIONS = (
					"DEBUG=1",
					"$(inherited)",
				);
				GCC_WARN_64_TO_32_BIT_CONVERSION = YES;
				GCC_WARN_ABOUT_RETURN_TYPE = YES_ERROR;
				GCC_WARN_UNDECLARED_SELECTOR = YES;
				GCC_WARN_UNINITIALIZED_AUTOS = YES_AGGRESSIVE;
				GCC_WARN_UNUSED_FUNCTION = YES;
				GCC_WARN_UNUSED_VARIABLE = YES;
				IPHONEOS_DEPLOYMENT_TARGET = 10.1;
				MTL_ENABLE_DEBUG_INFO = YES;
				ONLY_ACTIVE_ARCH = YES;
				SDKROOT = iphoneos;
				SWIFT_ACTIVE_COMPILATION_CONDITIONS = DEBUG;
				SWIFT_OPTIMIZATION_LEVEL = "-Onone";
				TARGETED_DEVICE_FAMILY = "1,2";
			};
			name = Debug;
		};
		F97B53DF1E363D6600EA0055 /* Release */ = {
			isa = XCBuildConfiguration;
			buildSettings = {
				ALWAYS_SEARCH_USER_PATHS = NO;
				CLANG_ANALYZER_NONNULL = YES;
				CLANG_CXX_LANGUAGE_STANDARD = "gnu++0x";
				CLANG_CXX_LIBRARY = "libc++";
				CLANG_ENABLE_MODULES = YES;
				CLANG_ENABLE_OBJC_ARC = YES;
				CLANG_WARN_BOOL_CONVERSION = YES;
				CLANG_WARN_CONSTANT_CONVERSION = YES;
				CLANG_WARN_DIRECT_OBJC_ISA_USAGE = YES_ERROR;
				CLANG_WARN_DOCUMENTATION_COMMENTS = YES;
				CLANG_WARN_EMPTY_BODY = YES;
				CLANG_WARN_ENUM_CONVERSION = YES;
				CLANG_WARN_INFINITE_RECURSION = YES;
				CLANG_WARN_INT_CONVERSION = YES;
				CLANG_WARN_OBJC_ROOT_CLASS = YES_ERROR;
				CLANG_WARN_SUSPICIOUS_MOVES = YES;
				CLANG_WARN_UNREACHABLE_CODE = YES;
				CLANG_WARN__DUPLICATE_METHOD_MATCH = YES;
				"CODE_SIGN_IDENTITY[sdk=iphoneos*]" = "iPhone Developer";
				COPY_PHASE_STRIP = NO;
				DEBUG_INFORMATION_FORMAT = "dwarf-with-dsym";
				ENABLE_NS_ASSERTIONS = NO;
				ENABLE_STRICT_OBJC_MSGSEND = YES;
				GCC_C_LANGUAGE_STANDARD = gnu99;
				GCC_NO_COMMON_BLOCKS = YES;
				GCC_WARN_64_TO_32_BIT_CONVERSION = YES;
				GCC_WARN_ABOUT_RETURN_TYPE = YES_ERROR;
				GCC_WARN_UNDECLARED_SELECTOR = YES;
				GCC_WARN_UNINITIALIZED_AUTOS = YES_AGGRESSIVE;
				GCC_WARN_UNUSED_FUNCTION = YES;
				GCC_WARN_UNUSED_VARIABLE = YES;
				IPHONEOS_DEPLOYMENT_TARGET = 10.1;
				MTL_ENABLE_DEBUG_INFO = NO;
				SDKROOT = iphoneos;
				SWIFT_OPTIMIZATION_LEVEL = "-Owholemodule";
				TARGETED_DEVICE_FAMILY = "1,2";
				VALIDATE_PRODUCT = YES;
			};
			name = Release;
		};
		F97B53E11E363D6600EA0055 /* Debug */ = {
			isa = XCBuildConfiguration;
			buildSettings = {
				ASSETCATALOG_COMPILER_APPICON_NAME = AppIcon;
				INFOPLIST_FILE = Instamun/Info.plist;
				LD_RUNPATH_SEARCH_PATHS = "$(inherited) @executable_path/Frameworks";
				PRODUCT_BUNDLE_IDENTIFIER = com.synergy.Instamun;
				PRODUCT_NAME = "$(TARGET_NAME)";
				SWIFT_VERSION = 3.0;
			};
			name = Debug;
		};
		F97B53E21E363D6600EA0055 /* Release */ = {
			isa = XCBuildConfiguration;
			buildSettings = {
				ASSETCATALOG_COMPILER_APPICON_NAME = AppIcon;
				INFOPLIST_FILE = Instamun/Info.plist;
				LD_RUNPATH_SEARCH_PATHS = "$(inherited) @executable_path/Frameworks";
				PRODUCT_BUNDLE_IDENTIFIER = com.synergy.Instamun;
				PRODUCT_NAME = "$(TARGET_NAME)";
				SWIFT_VERSION = 3.0;
			};
			name = Release;
		};
		F97B53E41E363D6600EA0055 /* Debug */ = {
			isa = XCBuildConfiguration;
			buildSettings = {
				ALWAYS_EMBED_SWIFT_STANDARD_LIBRARIES = YES;
				BUNDLE_LOADER = "$(TEST_HOST)";
				INFOPLIST_FILE = InstamunTests/Info.plist;
				LD_RUNPATH_SEARCH_PATHS = "$(inherited) @executable_path/Frameworks @loader_path/Frameworks";
				PRODUCT_BUNDLE_IDENTIFIER = com.synergy.InstamunTests;
				PRODUCT_NAME = "$(TARGET_NAME)";
				SWIFT_VERSION = 3.0;
				TEST_HOST = "$(BUILT_PRODUCTS_DIR)/Instamun.app/Instamun";
			};
			name = Debug;
		};
		F97B53E51E363D6600EA0055 /* Release */ = {
			isa = XCBuildConfiguration;
			buildSettings = {
				ALWAYS_EMBED_SWIFT_STANDARD_LIBRARIES = YES;
				BUNDLE_LOADER = "$(TEST_HOST)";
				INFOPLIST_FILE = InstamunTests/Info.plist;
				LD_RUNPATH_SEARCH_PATHS = "$(inherited) @executable_path/Frameworks @loader_path/Frameworks";
				PRODUCT_BUNDLE_IDENTIFIER = com.synergy.InstamunTests;
				PRODUCT_NAME = "$(TARGET_NAME)";
				SWIFT_VERSION = 3.0;
				TEST_HOST = "$(BUILT_PRODUCTS_DIR)/Instamun.app/Instamun";
			};
			name = Release;
		};
		F97B53E71E363D6600EA0055 /* Debug */ = {
			isa = XCBuildConfiguration;
			buildSettings = {
				ALWAYS_EMBED_SWIFT_STANDARD_LIBRARIES = YES;
				INFOPLIST_FILE = InstamunUITests/Info.plist;
				LD_RUNPATH_SEARCH_PATHS = "$(inherited) @executable_path/Frameworks @loader_path/Frameworks";
				PRODUCT_BUNDLE_IDENTIFIER = com.synergy.InstamunUITests;
				PRODUCT_NAME = "$(TARGET_NAME)";
				SWIFT_VERSION = 3.0;
				TEST_TARGET_NAME = Instamun;
			};
			name = Debug;
		};
		F97B53E81E363D6600EA0055 /* Release */ = {
			isa = XCBuildConfiguration;
			buildSettings = {
				ALWAYS_EMBED_SWIFT_STANDARD_LIBRARIES = YES;
				INFOPLIST_FILE = InstamunUITests/Info.plist;
				LD_RUNPATH_SEARCH_PATHS = "$(inherited) @executable_path/Frameworks @loader_path/Frameworks";
				PRODUCT_BUNDLE_IDENTIFIER = com.synergy.InstamunUITests;
				PRODUCT_NAME = "$(TARGET_NAME)";
				SWIFT_VERSION = 3.0;
				TEST_TARGET_NAME = Instamun;
			};
			name = Release;
		};
/* End XCBuildConfiguration section */

/* Begin XCConfigurationList section */
		F97B53B11E363D6500EA0055 /* Build configuration list for PBXProject "Instamun" */ = {
			isa = XCConfigurationList;
			buildConfigurations = (
				F97B53DE1E363D6600EA0055 /* Debug */,
				F97B53DF1E363D6600EA0055 /* Release */,
			);
			defaultConfigurationIsVisible = 0;
			defaultConfigurationName = Release;
		};
		F97B53E01E363D6600EA0055 /* Build configuration list for PBXNativeTarget "Instamun" */ = {
			isa = XCConfigurationList;
			buildConfigurations = (
				F97B53E11E363D6600EA0055 /* Debug */,
				F97B53E21E363D6600EA0055 /* Release */,
			);
			defaultConfigurationIsVisible = 0;
			defaultConfigurationName = Release;
		};
		F97B53E31E363D6600EA0055 /* Build configuration list for PBXNativeTarget "InstamunTests" */ = {
			isa = XCConfigurationList;
			buildConfigurations = (
				F97B53E41E363D6600EA0055 /* Debug */,
				F97B53E51E363D6600EA0055 /* Release */,
			);
			defaultConfigurationIsVisible = 0;
			defaultConfigurationName = Release;
		};
		F97B53E61E363D6600EA0055 /* Build configuration list for PBXNativeTarget "InstamunUITests" */ = {
			isa = XCConfigurationList;
			buildConfigurations = (
				F97B53E71E363D6600EA0055 /* Debug */,
				F97B53E81E363D6600EA0055 /* Release */,
			);
			defaultConfigurationIsVisible = 0;
			defaultConfigurationName = Release;
		};
/* End XCConfigurationList section */
	};
	rootObject = F97B53AE1E363D6500EA0055 /* Project object */;
}
